dependencies:
- name: library
  repository: oci://hmctspublic.azurecr.io/helm
  version: 2.2.2
- name: postgresql
  repository: https://charts.bitnami.com/bitnami
  version: 14.0.1
digest: sha256:652243e219f8011a52b6b48e0063ee062cd883d9ff76397b5f3e04c9bc7cd50f
generated: "2025-02-06T17:06:42.562110415Z"
