dependencies:
- name: ccd
  repository: https://hmctspublic.azurecr.io/helm/v1/repo/
  version: 9.2.0
- name: xui-webapp
  repository: https://hmctspublic.azurecr.io/helm/v1/repo/
  version: 1.0.18
- name: idam-pr
  repository: https://hmctspublic.azurecr.io/helm/v1/repo/
  version: 2.3.0
- name: ccd-case-document-am-api
  repository: https://hmctspublic.azurecr.io/helm/v1/repo/
  version: 1.7.14
- name: aac-manage-case-assignment
  repository: https://hmctspublic.azurecr.io/helm/v1/repo/
  version: 0.2.16
- name: prl-cos
  repository: https://hmctspublic.azurecr.io/helm/v1/repo/
  version: 0.0.63
digest: sha256:cb21aee3f60be07525be5582ef419f17ca1ad881b408cd63900d20d3b7b9eadd
generated: "2025-05-02T14:03:49.058809+01:00"
