dependencies:
- name: ccd
  repository: https://hmctspublic.azurecr.io/helm/v1/repo/
  version: 8.0.29
- name: xui-webapp
  repository: https://hmctspublic.azurecr.io/helm/v1/repo/
  version: 1.0.18
- name: idam-pr
  repository: https://hmctspublic.azurecr.io/helm/v1/repo/
  version: 2.3.0
- name: ccd-case-document-am-api
  repository: https://hmctspublic.azurecr.io/helm/v1/repo/
  version: 1.7.14
- name: aac-manage-case-assignment
  repository: https://hmctspublic.azurecr.io/helm/v1/repo/
  version: 0.2.16
- name: prl-cos
  repository: https://hmctspublic.azurecr.io/helm/v1/repo/
  version: 0.0.63
digest: sha256:c888623733974fce88b4bf9ed58fabdedb5871b1ba7d5832c5d756fe7363b6cd
generated: "2025-05-02T12:21:02.682045+01:00"
